
Microsoft Visual Studio Solution File, Format Version 12.00
# Visual Studio Version 16
VisualStudioVersion = 16.0.30225.117
MinimumVisualStudioVersion = 10.0.40219.1
Project("{FAE04EC0-301F-11D3-BF4B-00C04F79EFBC}") = "NoSqlUploader", "NoSqlUploader\NoSqlUploader.csproj", "{FD519CE7-CF60-4524-A2B2-49ED09E27D14}"
EndProject
Global
	GlobalSection(SolutionConfigurationPlatforms) = preSolution
		Debug|Any CPU = Debug|Any CPU
		Release|Any CPU = Release|Any CPU
	EndGlobalSection
	GlobalSection(ProjectConfigurationPlatforms) = postSolution
		{FD519CE7-CF60-4524-A2B2-49ED09E27D14}.Debug|Any CPU.ActiveCfg = Debug|Any CPU
		{FD519CE7-CF60-4524-A2B2-49ED09E27D14}.Debug|Any CPU.Build.0 = Debug|Any CPU
		{FD519CE7-CF60-4524-A2B2-49ED09E27D14}.Release|Any CPU.ActiveCfg = Release|Any CPU
		{FD519CE7-CF60-4524-A2B2-49ED09E27D14}.Release|Any CPU.Build.0 = Release|Any CPU
	EndGlobalSection
	GlobalSection(SolutionProperties) = preSolution
		HideSolutionNode = FALSE
	EndGlobalSection
	GlobalSection(ExtensibilityGlobals) = postSolution
		SolutionGuid = {4B38C55F-70BC-4B0A-A240-244D9BF2F4B2}
	EndGlobalSection
EndGlobal
